// !$*UTF8*$!
{
	archiveVersion = 1;
	classes = {
	};
	objectVersion = 56;
	objects = {

/* Begin PBXBuildFile section */
		9DC7BF674DE7ADD04018C29B /* Pods_Core_Data.framework in Frameworks */ = {isa = PBXBuildFile; fileRef = 9E80FF8B543E96DFD11BEED2 /* Pods_Core_Data.framework */; };
		AB48E3082B0E38EE00D98091 /* AppDelegate.swift in Sources */ = {isa = PBXBuildFile; fileRef = AB48E3072B0E38EE00D98091 /* AppDelegate.swift */; };
		AB48E30A2B0E38EE00D98091 /* SceneDelegate.swift in Sources */ = {isa = PBXBuildFile; fileRef = AB48E3092B0E38EE00D98091 /* SceneDelegate.swift */; };
		AB48E30C2B0E38EE00D98091 /* ViewController.swift in Sources */ = {isa = PBXBuildFile; fileRef = AB48E30B2B0E38EE00D98091 /* ViewController.swift */; };
		AB48E30F2B0E38EE00D98091 /* Main.storyboard in Resources */ = {isa = PBXBuildFile; fileRef = AB48E30D2B0E38EE00D98091 /* Main.storyboard */; };
		AB48E3112B0E38EF00D98091 /* Assets.xcassets in Resources */ = {isa = PBXBuildFile; fileRef = AB48E3102B0E38EF00D98091 /* Assets.xcassets */; };
		AB48E3142B0E38EF00D98091 /* LaunchScreen.storyboard in Resources */ = {isa = PBXBuildFile; fileRef = AB48E3122B0E38EF00D98091 /* LaunchScreen.storyboard */; };
		AB48E31C2B0E5A4900D98091 /* DetailViewController.swift in Sources */ = {isa = PBXBuildFile; fileRef = AB48E31B2B0E5A4900D98091 /* DetailViewController.swift */; };
		AB48E3262B0E641B00D98091 /* CoreDataModel.xcdatamodeld in Sources */ = {isa = PBXBuildFile; fileRef = AB48E3242B0E641B00D98091 /* CoreDataModel.xcdatamodeld */; };
		AB48E3292B10DCC600D98091 /* Commit+CoreDataClass.swift in Sources */ = {isa = PBXBuildFile; fileRef = AB48E3272B10DCC600D98091 /* Commit+CoreDataClass.swift */; };
		AB48E32A2B10DCC600D98091 /* Commit+CoreDataProperties.swift in Sources */ = {isa = PBXBuildFile; fileRef = AB48E3282B10DCC600D98091 /* Commit+CoreDataProperties.swift */; };
/* End PBXBuildFile section */

/* Begin PBXFileReference section */
		9112552C88BABB4736C56919 /* Pods-Core_Data.release.xcconfig */ = {isa = PBXFileReference; includeInIndex = 1; lastKnownFileType = text.xcconfig; name = "Pods-Core_Data.release.xcconfig"; path = "Target Support Files/Pods-Core_Data/Pods-Core_Data.release.xcconfig"; sourceTree = "<group>"; };
		9E80FF8B543E96DFD11BEED2 /* Pods_Core_Data.framework */ = {isa = PBXFileReference; explicitFileType = wrapper.framework; includeInIndex = 0; path = Pods_Core_Data.framework; sourceTree = BUILT_PRODUCTS_DIR; };
		AB48E3042B0E38EE00D98091 /* Core_Data.app */ = {isa = PBXFileReference; explicitFileType = wrapper.application; includeInIndex = 0; path = Core_Data.app; sourceTree = BUILT_PRODUCTS_DIR; };
		AB48E3072B0E38EE00D98091 /* AppDelegate.swift */ = {isa = PBXFileReference; lastKnownFileType = sourcecode.swift; path = AppDelegate.swift; sourceTree = "<group>"; };
		AB48E3092B0E38EE00D98091 /* SceneDelegate.swift */ = {isa = PBXFileReference; lastKnownFileType = sourcecode.swift; path = SceneDelegate.swift; sourceTree = "<group>"; };
		AB48E30B2B0E38EE00D98091 /* ViewController.swift */ = {isa = PBXFileReference; lastKnownFileType = sourcecode.swift; path = ViewController.swift; sourceTree = "<group>"; };
		AB48E30E2B0E38EE00D98091 /* Base */ = {isa = PBXFileReference; lastKnownFileType = file.storyboard; name = Base; path = Base.lproj/Main.storyboard; sourceTree = "<group>"; };
		AB48E3102B0E38EF00D98091 /* Assets.xcassets */ = {isa = PBXFileReference; lastKnownFileType = folder.assetcatalog; path = Assets.xcassets; sourceTree = "<group>"; };
		AB48E3132B0E38EF00D98091 /* Base */ = {isa = PBXFileReference; lastKnownFileType = file.storyboard; name = Base; path = Base.lproj/LaunchScreen.storyboard; sourceTree = "<group>"; };
		AB48E3152B0E38EF00D98091 /* Info.plist */ = {isa = PBXFileReference; lastKnownFileType = text.plist.xml; path = Info.plist; sourceTree = "<group>"; };
		AB48E31B2B0E5A4900D98091 /* DetailViewController.swift */ = {isa = PBXFileReference; lastKnownFileType = sourcecode.swift; path = DetailViewController.swift; sourceTree = "<group>"; };
		AB48E3252B0E641B00D98091 /* CoreDataModel.xcdatamodel */ = {isa = PBXFileReference; lastKnownFileType = wrapper.xcdatamodel; path = CoreDataModel.xcdatamodel; sourceTree = "<group>"; };
		AB48E3272B10DCC600D98091 /* Commit+CoreDataClass.swift */ = {isa = PBXFileReference; fileEncoding = 4; lastKnownFileType = sourcecode.swift; path = "Commit+CoreDataClass.swift"; sourceTree = "<group>"; };
		AB48E3282B10DCC600D98091 /* Commit+CoreDataProperties.swift */ = {isa = PBXFileReference; fileEncoding = 4; lastKnownFileType = sourcecode.swift; path = "Commit+CoreDataProperties.swift"; sourceTree = "<group>"; };
		EA1B2CB679C71DCDB826743F /* Pods-Core_Data.debug.xcconfig */ = {isa = PBXFileReference; includeInIndex = 1; lastKnownFileType = text.xcconfig; name = "Pods-Core_Data.debug.xcconfig"; path = "Target Support Files/Pods-Core_Data/Pods-Core_Data.debug.xcconfig"; sourceTree = "<group>"; };
/* End PBXFileReference section */

/* Begin PBXFrameworksBuildPhase section */
		AB48E3012B0E38EE00D98091 /* Frameworks */ = {
			isa = PBXFrameworksBuildPhase;
			buildActionMask = 2147483647;
			files = (
				9DC7BF674DE7ADD04018C29B /* Pods_Core_Data.framework in Frameworks */,
			);
			runOnlyForDeploymentPostprocessing = 0;
		};
/* End PBXFrameworksBuildPhase section */

/* Begin PBXGroup section */
		0556088DF07A277AECE52974 /* Pods */ = {
			isa = PBXGroup;
			children = (
				EA1B2CB679C71DCDB826743F /* Pods-Core_Data.debug.xcconfig */,
				9112552C88BABB4736C56919 /* Pods-Core_Data.release.xcconfig */,
			);
			path = Pods;
			sourceTree = "<group>";
		};
		AB48E2FB2B0E38EE00D98091 = {
			isa = PBXGroup;
			children = (
				AB48E3062B0E38EE00D98091 /* Core_Data */,
				AB48E3052B0E38EE00D98091 /* Products */,
				0556088DF07A277AECE52974 /* Pods */,
				C42E026FD8D0A2C4E3F2A47D /* Frameworks */,
			);
			sourceTree = "<group>";
		};
		AB48E3052B0E38EE00D98091 /* Products */ = {
			isa = PBXGroup;
			children = (
				AB48E3042B0E38EE00D98091 /* Core_Data.app */,
			);
			name = Products;
			sourceTree = "<group>";
		};
		AB48E3062B0E38EE00D98091 /* Core_Data */ = {
			isa = PBXGroup;
			children = (
				AB48E31D2B0E61E600D98091 /* Data */,
				AB48E3072B0E38EE00D98091 /* AppDelegate.swift */,
				AB48E3092B0E38EE00D98091 /* SceneDelegate.swift */,
				AB48E30B2B0E38EE00D98091 /* ViewController.swift */,
				AB48E30D2B0E38EE00D98091 /* Main.storyboard */,
				AB48E3102B0E38EF00D98091 /* Assets.xcassets */,
				AB48E3122B0E38EF00D98091 /* LaunchScreen.storyboard */,
				AB48E3152B0E38EF00D98091 /* Info.plist */,
				AB48E31B2B0E5A4900D98091 /* DetailViewController.swift */,
			);
			path = Core_Data;
			sourceTree = "<group>";
		};
		AB48E31D2B0E61E600D98091 /* Data */ = {
			isa = PBXGroup;
			children = (
				AB48E3272B10DCC600D98091 /* Commit+CoreDataClass.swift */,
				AB48E3282B10DCC600D98091 /* Commit+CoreDataProperties.swift */,
				AB48E3242B0E641B00D98091 /* CoreDataModel.xcdatamodeld */,
			);
			path = Data;
			sourceTree = "<group>";
		};
		C42E026FD8D0A2C4E3F2A47D /* Frameworks */ = {
			isa = PBXGroup;
			children = (
				9E80FF8B543E96DFD11BEED2 /* Pods_Core_Data.framework */,
			);
			name = Frameworks;
			sourceTree = "<group>";
		};
/* End PBXGroup section */

/* Begin PBXNativeTarget section */
		AB48E3032B0E38EE00D98091 /* Core_Data */ = {
			isa = PBXNativeTarget;
			buildConfigurationList = AB48E3182B0E38EF00D98091 /* Build configuration list for PBXNativeTarget "Core_Data" */;
			buildPhases = (
				FE5A370CC2BC2C2013BAE432 /* [CP] Check Pods Manifest.lock */,
				AB48E3002B0E38EE00D98091 /* Sources */,
				AB48E3012B0E38EE00D98091 /* Frameworks */,
				AB48E3022B0E38EE00D98091 /* Resources */,
				6F09B1EB2076EF70F6421BAB /* [CP] Embed Pods Frameworks */,
			);
			buildRules = (
			);
			dependencies = (
			);
			name = Core_Data;
			productName = Core_Data;
			productReference = AB48E3042B0E38EE00D98091 /* Core_Data.app */;
			productType = "com.apple.product-type.application";
		};
/* End PBXNativeTarget section */

/* Begin PBXProject section */
		AB48E2FC2B0E38EE00D98091 /* Project object */ = {
			isa = PBXProject;
			attributes = {
				BuildIndependentTargetsInParallel = 1;
				LastSwiftUpdateCheck = 1410;
				LastUpgradeCheck = 1410;
				TargetAttributes = {
					AB48E3032B0E38EE00D98091 = {
						CreatedOnToolsVersion = 14.1;
					};
				};
			};
			buildConfigurationList = AB48E2FF2B0E38EE00D98091 /* Build configuration list for PBXProject "Core_Data" */;
			compatibilityVersion = "Xcode 14.0";
			developmentRegion = en;
			hasScannedForEncodings = 0;
			knownRegions = (
				en,
				Base,
			);
			mainGroup = AB48E2FB2B0E38EE00D98091;
			productRefGroup = AB48E3052B0E38EE00D98091 /* Products */;
			projectDirPath = "";
			projectRoot = "";
			targets = (
				AB48E3032B0E38EE00D98091 /* Core_Data */,
			);
		};
/* End PBXProject section */

/* Begin PBXResourcesBuildPhase section */
		AB48E3022B0E38EE00D98091 /* Resources */ = {
			isa = PBXResourcesBuildPhase;
			buildActionMask = 2147483647;
			files = (
				AB48E3142B0E38EF00D98091 /* LaunchScreen.storyboard in Resources */,
				AB48E3112B0E38EF00D98091 /* Assets.xcassets in Resources */,
				AB48E30F2B0E38EE00D98091 /* Main.storyboard in Resources */,
			);
			runOnlyForDeploymentPostprocessing = 0;
		};
/* End PBXResourcesBuildPhase section */

/* Begin PBXShellScriptBuildPhase section */
		6F09B1EB2076EF70F6421BAB /* [CP] Embed Pods Frameworks */ = {
			isa = PBXShellScriptBuildPhase;
			buildActionMask = 2147483647;
			files = (
			);
			inputFileListPaths = (
				"${PODS_ROOT}/Target Support Files/Pods-Core_Data/Pods-Core_Data-frameworks-${CONFIGURATION}-input-files.xcfilelist",
			);
			name = "[CP] Embed Pods Frameworks";
			outputFileListPaths = (
				"${PODS_ROOT}/Target Support Files/Pods-Core_Data/Pods-Core_Data-frameworks-${CONFIGURATION}-output-files.xcfilelist",
			);
			runOnlyForDeploymentPostprocessing = 0;
			shellPath = /bin/sh;
			shellScript = "\"${PODS_ROOT}/Target Support Files/Pods-Core_Data/Pods-Core_Data-frameworks.sh\"\n";
			showEnvVarsInLog = 0;
		};
		FE5A370CC2BC2C2013BAE432 /* [CP] Check Pods Manifest.lock */ = {
			isa = PBXShellScriptBuildPhase;
			buildActionMask = 2147483647;
			files = (
			);
			inputFileListPaths = (
			);
			inputPaths = (
				"${PODS_PODFILE_DIR_PATH}/Podfile.lock",
				"${PODS_ROOT}/Manifest.lock",
			);
			name = "[CP] Check Pods Manifest.lock";
			outputFileListPaths = (
			);
			outputPaths = (
				"$(DERIVED_FILE_DIR)/Pods-Core_Data-checkManifestLockResult.txt",
			);
			runOnlyForDeploymentPostprocessing = 0;
			shellPath = /bin/sh;
			shellScript = "diff \"${PODS_PODFILE_DIR_PATH}/Podfile.lock\" \"${PODS_ROOT}/Manifest.lock\" > /dev/null\nif [ $? != 0 ] ; then\n    # print error to STDERR\n    echo \"error: The sandbox is not in sync with the Podfile.lock. Run 'pod install' or update your CocoaPods installation.\" >&2\n    exit 1\nfi\n# This output is used by Xcode 'outputs' to avoid re-running this script phase.\necho \"SUCCESS\" > \"${SCRIPT_OUTPUT_FILE_0}\"\n";
			showEnvVarsInLog = 0;
		};
/* End PBXShellScriptBuildPhase section */

/* Begin PBXSourcesBuildPhase section */
		AB48E3002B0E38EE00D98091 /* Sources */ = {
			isa = PBXSourcesBuildPhase;
			buildActionMask = 2147483647;
			files = (
				AB48E3292B10DCC600D98091 /* Commit+CoreDataClass.swift in Sources */,
				AB48E30C2B0E38EE00D98091 /* ViewController.swift in Sources */,
				AB48E32A2B10DCC600D98091 /* Commit+CoreDataProperties.swift in Sources */,
				AB48E3082B0E38EE00D98091 /* AppDelegate.swift in Sources */,
				AB48E30A2B0E38EE00D98091 /* SceneDelegate.swift in Sources */,
				AB48E31C2B0E5A4900D98091 /* DetailViewController.swift in Sources */,
				AB48E3262B0E641B00D98091 /* CoreDataModel.xcdatamodeld in Sources */,
			);
			runOnlyForDeploymentPostprocessing = 0;
		};
/* End PBXSourcesBuildPhase section */

/* Begin PBXVariantGroup section */
		AB48E30D2B0E38EE00D98091 /* Main.storyboard */ = {
			isa = PBXVariantGroup;
			children = (
				AB48E30E2B0E38EE00D98091 /* Base */,
			);
			name = Main.storyboard;
			sourceTree = "<group>";
		};
		AB48E3122B0E38EF00D98091 /* LaunchScreen.storyboard */ = {
			isa = PBXVariantGroup;
			children = (
				AB48E3132B0E38EF00D98091 /* Base */,
			);
			name = LaunchScreen.storyboard;
			sourceTree = "<group>";
		};
/* End PBXVariantGroup section */

/* Begin XCBuildConfiguration section */
		AB48E3162B0E38EF00D98091 /* Debug */ = {
			isa = XCBuildConfiguration;
			buildSettings = {
				ALWAYS_SEARCH_USER_PATHS = NO;
				CLANG_ANALYZER_NONNULL = YES;
				CLANG_ANALYZER_NUMBER_OBJECT_CONVERSION = YES_AGGRESSIVE;
				CLANG_CXX_LANGUAGE_STANDARD = "gnu++20";
				CLANG_ENABLE_MODULES = YES;
				CLANG_ENABLE_OBJC_ARC = YES;
				CLANG_ENABLE_OBJC_WEAK = YES;
				CLANG_WARN_BLOCK_CAPTURE_AUTORELEASING = YES;
				CLANG_WARN_BOOL_CONVERSION = YES;
				CLANG_WARN_COMMA = YES;
				CLANG_WARN_CONSTANT_CONVERSION = YES;
				CLANG_WARN_DEPRECATED_OBJC_IMPLEMENTATIONS = YES;
				CLANG_WARN_DIRECT_OBJC_ISA_USAGE = YES_ERROR;
				CLANG_WARN_DOCUMENTATION_COMMENTS = YES;
				CLANG_WARN_EMPTY_BODY = YES;
				CLANG_WARN_ENUM_CONVERSION = YES;
				CLANG_WARN_INFINITE_RECURSION = YES;
				CLANG_WARN_INT_CONVERSION = YES;
				CLANG_WARN_NON_LITERAL_NULL_CONVERSION = YES;
				CLANG_WARN_OBJC_IMPLICIT_RETAIN_SELF = YES;
				CLANG_WARN_OBJC_LITERAL_CONVERSION = YES;
				CLANG_WARN_OBJC_ROOT_CLASS = YES_ERROR;
				CLANG_WARN_QUOTED_INCLUDE_IN_FRAMEWORK_HEADER = YES;
				CLANG_WARN_RANGE_LOOP_ANALYSIS = YES;
				CLANG_WARN_STRICT_PROTOTYPES = YES;
				CLANG_WARN_SUSPICIOUS_MOVE = YES;
				CLANG_WARN_UNGUARDED_AVAILABILITY = YES_AGGRESSIVE;
				CLANG_WARN_UNREACHABLE_CODE = YES;
				CLANG_WARN__DUPLICATE_METHOD_MATCH = YES;
				COPY_PHASE_STRIP = NO;
				DEBUG_INFORMATION_FORMAT = dwarf;
				ENABLE_STRICT_OBJC_MSGSEND = YES;
				ENABLE_TESTABILITY = YES;
				GCC_C_LANGUAGE_STANDARD = gnu11;
				GCC_DYNAMIC_NO_PIC = NO;
				GCC_NO_COMMON_BLOCKS = YES;
				GCC_OPTIMIZATION_LEVEL = 0;
				GCC_PREPROCESSOR_DEFINITIONS = (
					"DEBUG=1",
					"$(inherited)",
				);
				GCC_WARN_64_TO_32_BIT_CONVERSION = YES;
				GCC_WARN_ABOUT_RETURN_TYPE = YES_ERROR;
				GCC_WARN_UNDECLARED_SELECTOR = YES;
				GCC_WARN_UNINITIALIZED_AUTOS = YES_AGGRESSIVE;
				GCC_WARN_UNUSED_FUNCTION = YES;
				GCC_WARN_UNUSED_VARIABLE = YES;
				IPHONEOS_DEPLOYMENT_TARGET = 16.1;
				MTL_ENABLE_DEBUG_INFO = INCLUDE_SOURCE;
				MTL_FAST_MATH = YES;
				ONLY_ACTIVE_ARCH = YES;
				SDKROOT = iphoneos;
				SWIFT_ACTIVE_COMPILATION_CONDITIONS = DEBUG;
				SWIFT_OPTIMIZATION_LEVEL = "-Onone";
			};
			name = Debug;
		};
		AB48E3172B0E38EF00D98091 /* Release */ = {
			isa = XCBuildConfiguration;
			buildSettings = {
				ALWAYS_SEARCH_USER_PATHS = NO;
				CLANG_ANALYZER_NONNULL = YES;
				CLANG_ANALYZER_NUMBER_OBJECT_CONVERSION = YES_AGGRESSIVE;
				CLANG_CXX_LANGUAGE_STANDARD = "gnu++20";
				CLANG_ENABLE_MODULES = YES;
				CLANG_ENABLE_OBJC_ARC = YES;
				CLANG_ENABLE_OBJC_WEAK = YES;
				CLANG_WARN_BLOCK_CAPTURE_AUTORELEASING = YES;
				CLANG_WARN_BOOL_CONVERSION = YES;
				CLANG_WARN_COMMA = YES;
				CLANG_WARN_CONSTANT_CONVERSION = YES;
				CLANG_WARN_DEPRECATED_OBJC_IMPLEMENTATIONS = YES;
				CLANG_WARN_DIRECT_OBJC_ISA_USAGE = YES_ERROR;
				CLANG_WARN_DOCUMENTATION_COMMENTS = YES;
				CLANG_WARN_EMPTY_BODY = YES;
				CLANG_WARN_ENUM_CONVERSION = YES;
				CLANG_WARN_INFINITE_RECURSION = YES;
				CLANG_WARN_INT_CONVERSION = YES;
				CLANG_WARN_NON_LITERAL_NULL_CONVERSION = YES;
				CLANG_WARN_OBJC_IMPLICIT_RETAIN_SELF = YES;
				CLANG_WARN_OBJC_LITERAL_CONVERSION = YES;
				CLANG_WARN_OBJC_ROOT_CLASS = YES_ERROR;
				CLANG_WARN_QUOTED_INCLUDE_IN_FRAMEWORK_HEADER = YES;
				CLANG_WARN_RANGE_LOOP_ANALYSIS = YES;
				CLANG_WARN_STRICT_PROTOTYPES = YES;
				CLANG_WARN_SUSPICIOUS_MOVE = YES;
				CLANG_WARN_UNGUARDED_AVAILABILITY = YES_AGGRESSIVE;
				CLANG_WARN_UNREACHABLE_CODE = YES;
				CLANG_WARN__DUPLICATE_METHOD_MATCH = YES;
				COPY_PHASE_STRIP = NO;
				DEBUG_INFORMATION_FORMAT = "dwarf-with-dsym";
				ENABLE_NS_ASSERTIONS = NO;
				ENABLE_STRICT_OBJC_MSGSEND = YES;
				GCC_C_LANGUAGE_STANDARD = gnu11;
				GCC_NO_COMMON_BLOCKS = YES;
				GCC_WARN_64_TO_32_BIT_CONVERSION = YES;
				GCC_WARN_ABOUT_RETURN_TYPE = YES_ERROR;
				GCC_WARN_UNDECLARED_SELECTOR = YES;
				GCC_WARN_UNINITIALIZED_AUTOS = YES_AGGRESSIVE;
				GCC_WARN_UNUSED_FUNCTION = YES;
				GCC_WARN_UNUSED_VARIABLE = YES;
				IPHONEOS_DEPLOYMENT_TARGET = 16.1;
				MTL_ENABLE_DEBUG_INFO = NO;
				MTL_FAST_MATH = YES;
				SDKROOT = iphoneos;
				SWIFT_COMPILATION_MODE = wholemodule;
				SWIFT_OPTIMIZATION_LEVEL = "-O";
				VALIDATE_PRODUCT = YES;
			};
			name = Release;
		};
		AB48E3192B0E38EF00D98091 /* Debug */ = {
			isa = XCBuildConfiguration;
			baseConfigurationReference = EA1B2CB679C71DCDB826743F /* Pods-Core_Data.debug.xcconfig */;
			buildSettings = {
				ASSETCATALOG_COMPILER_APPICON_NAME = AppIcon;
				ASSETCATALOG_COMPILER_GLOBAL_ACCENT_COLOR_NAME = AccentColor;
				CODE_SIGN_STYLE = Automatic;
				CURRENT_PROJECT_VERSION = 1;
				DEVELOPMENT_TEAM = 5W5GK95Q25;
				GENERATE_INFOPLIST_FILE = YES;
				INFOPLIST_FILE = Core_Data/Info.plist;
				INFOPLIST_KEY_UIApplicationSupportsIndirectInputEvents = YES;
				INFOPLIST_KEY_UILaunchStoryboardName = LaunchScreen;
				INFOPLIST_KEY_UIMainStoryboardFile = Main;
				INFOPLIST_KEY_UISupportedInterfaceOrientations_iPad = "UIInterfaceOrientationPortrait UIInterfaceOrientationPortraitUpsideDown UIInterfaceOrientationLandscapeLeft UIInterfaceOrientationLandscapeRight";
				INFOPLIST_KEY_UISupportedInterfaceOrientations_iPhone = "UIInterfaceOrientationPortrait UIInterfaceOrientationLandscapeLeft UIInterfaceOrientationLandscapeRight";
				LD_RUNPATH_SEARCH_PATHS = (
					"$(inherited)",
					"@executable_path/Frameworks",
				);
				MARKETING_VERSION = 1.0;
				PRODUCT_BUNDLE_IDENTIFIER = "com.Tskho.Core-Data";
				PRODUCT_NAME = "$(TARGET_NAME)";
				SWIFT_EMIT_LOC_STRINGS = YES;
				SWIFT_VERSION = 5.0;
				TARGETED_DEVICE_FAMILY = "1,2";
			};
			name = Debug;
		};
		AB48E31A2B0E38EF00D98091 /* Release */ = {
			isa = XCBuildConfiguration;
			baseConfigurationReference = 9112552C88BABB4736C56919 /* Pods-Core_Data.release.xcconfig */;
			buildSettings = {
				ASSETCATALOG_COMPILER_APPICON_NAME = AppIcon;
				ASSETCATALOG_COMPILER_GLOBAL_ACCENT_COLOR_NAME = AccentColor;
				CODE_SIGN_STYLE = Automatic;
				CURRENT_PROJECT_VERSION = 1;
				DEVELOPMENT_TEAM = 5W5GK95Q25;
				GENERATE_INFOPLIST_FILE = YES;
				INFOPLIST_FILE = Core_Data/Info.plist;
				INFOPLIST_KEY_UIApplicationSupportsIndirectInputEvents = YES;
				INFOPLIST_KEY_UILaunchStoryboardName = LaunchScreen;
				INFOPLIST_KEY_UIMainStoryboardFile = Main;
				INFOPLIST_KEY_UISupportedInterfaceOrientations_iPad = "UIInterfaceOrientationPortrait UIInterfaceOrientationPortraitUpsideDown UIInterfaceOrientationLandscapeLeft UIInterfaceOrientationLandscapeRight";
				INFOPLIST_KEY_UISupportedInterfaceOrientations_iPhone = "UIInterfaceOrientationPortrait UIInterfaceOrientationLandscapeLeft UIInterfaceOrientationLandscapeRight";
				LD_RUNPATH_SEARCH_PATHS = (
					"$(inherited)",
					"@executable_path/Frameworks",
				);
				MARKETING_VERSION = 1.0;
				PRODUCT_BUNDLE_IDENTIFIER = "com.Tskho.Core-Data";
				PRODUCT_NAME = "$(TARGET_NAME)";
				SWIFT_EMIT_LOC_STRINGS = YES;
				SWIFT_VERSION = 5.0;
				TARGETED_DEVICE_FAMILY = "1,2";
			};
			name = Release;
		};
/* End XCBuildConfiguration section */

/* Begin XCConfigurationList section */
		AB48E2FF2B0E38EE00D98091 /* Build configuration list for PBXProject "Core_Data" */ = {
			isa = XCConfigurationList;
			buildConfigurations = (
				AB48E3162B0E38EF00D98091 /* Debug */,
				AB48E3172B0E38EF00D98091 /* Release */,
			);
			defaultConfigurationIsVisible = 0;
			defaultConfigurationName = Release;
		};
		AB48E3182B0E38EF00D98091 /* Build configuration list for PBXNativeTarget "Core_Data" */ = {
			isa = XCConfigurationList;
			buildConfigurations = (
				AB48E3192B0E38EF00D98091 /* Debug */,
				AB48E31A2B0E38EF00D98091 /* Release */,
			);
			defaultConfigurationIsVisible = 0;
			defaultConfigurationName = Release;
		};
/* End XCConfigurationList section */

/* Begin XCVersionGroup section */
		AB48E3242B0E641B00D98091 /* CoreDataModel.xcdatamodeld */ = {
			isa = XCVersionGroup;
			children = (
				AB48E3252B0E641B00D98091 /* CoreDataModel.xcdatamodel */,
			);
			currentVersion = AB48E3252B0E641B00D98091 /* CoreDataModel.xcdatamodel */;
			path = CoreDataModel.xcdatamodeld;
			sourceTree = "<group>";
			versionGroupType = wrapper.xcdatamodel;
		};
/* End XCVersionGroup section */
	};
	rootObject = AB48E2FC2B0E38EE00D98091 /* Project object */;
}
